// !$*UTF8*$!
{
	archiveVersion = 1;
	classes = {
	};
	objectVersion = 56;
	objects = {

/* Begin PBXBuildFile section */
		140BE03A2AD8021800EABE29 /* TagAddView.swift in Sources */ = {isa = PBXBuildFile; fileRef = 140BE0392AD8021800EABE29 /* TagAddView.swift */; };
		140DDE042AAD5FA900F4858B /* DashboardView.swift in Sources */ = {isa = PBXBuildFile; fileRef = 140DDE032AAD5FA900F4858B /* DashboardView.swift */; };
		140DDE062AAD68F900F4858B /* CardView.swift in Sources */ = {isa = PBXBuildFile; fileRef = 140DDE052AAD68F900F4858B /* CardView.swift */; };
		143B4B672AC59F9C00637BEC /* AppContent.json in Resources */ = {isa = PBXBuildFile; fileRef = 143B4B662AC59F9C00637BEC /* AppContent.json */; };
		145CA9842AB9BD8F002CE4B5 /* HistoryCalenderView.swift in Sources */ = {isa = PBXBuildFile; fileRef = 145CA9832AB9BD8F002CE4B5 /* HistoryCalenderView.swift */; };
		146A2F0C2ADB8B5E00C66059 /* ErrorTextFieldStyle.swift in Sources */ = {isa = PBXBuildFile; fileRef = 146A2F0B2ADB8B5E00C66059 /* ErrorTextFieldStyle.swift */; };
		146DA9C12AA8D2B3000B9C38 /* LearnView.swift in Sources */ = {isa = PBXBuildFile; fileRef = 146DA9C02AA8D2B3000B9C38 /* LearnView.swift */; };
		146DA9C32AA8D3BF000B9C38 /* ContentAddView.swift in Sources */ = {isa = PBXBuildFile; fileRef = 146DA9C22AA8D3BF000B9C38 /* ContentAddView.swift */; };
		146DA9C52AA8D438000B9C38 /* ContentListView.swift in Sources */ = {isa = PBXBuildFile; fileRef = 146DA9C42AA8D438000B9C38 /* ContentListView.swift */; };
		146EA2E82ABDAB2500D2E426 /* InfiniteTabPageView.swift in Sources */ = {isa = PBXBuildFile; fileRef = 146EA2E72ABDAB2500D2E426 /* InfiniteTabPageView.swift */; };
		1485F7CE2AA2D23200E8A8E8 /* SwipenApp.swift in Sources */ = {isa = PBXBuildFile; fileRef = 1485F7CD2AA2D23200E8A8E8 /* SwipenApp.swift */; };
		1485F7D02AA2D23200E8A8E8 /* ContentTabView.swift in Sources */ = {isa = PBXBuildFile; fileRef = 1485F7CF2AA2D23200E8A8E8 /* ContentTabView.swift */; };
		1485F7D42AA2D23300E8A8E8 /* Assets.xcassets in Resources */ = {isa = PBXBuildFile; fileRef = 1485F7D32AA2D23300E8A8E8 /* Assets.xcassets */; };
		1485F7D82AA2D23300E8A8E8 /* Preview Assets.xcassets in Resources */ = {isa = PBXBuildFile; fileRef = 1485F7D72AA2D23300E8A8E8 /* Preview Assets.xcassets */; };
		1485F7E32AA2D23400E8A8E8 /* SwipenTests.swift in Sources */ = {isa = PBXBuildFile; fileRef = 1485F7E22AA2D23400E8A8E8 /* SwipenTests.swift */; };
		1485F7ED2AA2D23400E8A8E8 /* SwipenUITests.swift in Sources */ = {isa = PBXBuildFile; fileRef = 1485F7EC2AA2D23400E8A8E8 /* SwipenUITests.swift */; };
		1485F7EF2AA2D23400E8A8E8 /* SwipenUITestsLaunchTests.swift in Sources */ = {isa = PBXBuildFile; fileRef = 1485F7EE2AA2D23400E8A8E8 /* SwipenUITestsLaunchTests.swift */; };
		1498F4862AD1A5CE00C2705E /* DataModel.swift in Sources */ = {isa = PBXBuildFile; fileRef = 1498F4852AD1A5CE00C2705E /* DataModel.swift */; };
		14B6133C2AD2363300BE06BA /* TagCardView.swift in Sources */ = {isa = PBXBuildFile; fileRef = 14B6133B2AD2363300BE06BA /* TagCardView.swift */; };
		14B6133E2AD2500200BE06BA /* PlaceholderView.swift in Sources */ = {isa = PBXBuildFile; fileRef = 14B6133D2AD2500200BE06BA /* PlaceholderView.swift */; };
		14B613422AD2789000BE06BA /* TagListView.swift in Sources */ = {isa = PBXBuildFile; fileRef = 14B613412AD2789000BE06BA /* TagListView.swift */; };
		14B613442AD2789F00BE06BA /* DetailContentListView.swift in Sources */ = {isa = PBXBuildFile; fileRef = 14B613432AD2789F00BE06BA /* DetailContentListView.swift */; };
		14E03A5E2AB1D0AF0069460E /* GaugeProgressStyle.swift in Sources */ = {isa = PBXBuildFile; fileRef = 14E03A5D2AB1D0AF0069460E /* GaugeProgressStyle.swift */; };
		14E03A602AB1D58F0069460E /* UIScrollView.swift in Sources */ = {isa = PBXBuildFile; fileRef = 14E03A5F2AB1D58F0069460E /* UIScrollView.swift */; };
		14E03A622AB1E6E50069460E /* ScreenSizeStore.swift in Sources */ = {isa = PBXBuildFile; fileRef = 14E03A612AB1E6E50069460E /* ScreenSizeStore.swift */; };
		14E03A642AB1ECE70069460E /* ContentView.swift in Sources */ = {isa = PBXBuildFile; fileRef = 14E03A632AB1ECE70069460E /* ContentView.swift */; };
/* End PBXBuildFile section */

/* Begin PBXContainerItemProxy section */
		1485F7DF2AA2D23400E8A8E8 /* PBXContainerItemProxy */ = {
			isa = PBXContainerItemProxy;
			containerPortal = 1485F7C22AA2D23200E8A8E8 /* Project object */;
			proxyType = 1;
			remoteGlobalIDString = 1485F7C92AA2D23200E8A8E8;
			remoteInfo = Swipen;
		};
		1485F7E92AA2D23400E8A8E8 /* PBXContainerItemProxy */ = {
			isa = PBXContainerItemProxy;
			containerPortal = 1485F7C22AA2D23200E8A8E8 /* Project object */;
			proxyType = 1;
			remoteGlobalIDString = 1485F7C92AA2D23200E8A8E8;
			remoteInfo = Swipen;
		};
/* End PBXContainerItemProxy section */

/* Begin PBXFileReference section */
		140BE0392AD8021800EABE29 /* TagAddView.swift */ = {isa = PBXFileReference; lastKnownFileType = sourcecode.swift; path = TagAddView.swift; sourceTree = "<group>"; };
		140DDE022AAD5E1900F4858B /* README.md */ = {isa = PBXFileReference; lastKnownFileType = net.daringfireball.markdown; path = README.md; sourceTree = "<group>"; };
		140DDE032AAD5FA900F4858B /* DashboardView.swift */ = {isa = PBXFileReference; lastKnownFileType = sourcecode.swift; path = DashboardView.swift; sourceTree = "<group>"; };
		140DDE052AAD68F900F4858B /* CardView.swift */ = {isa = PBXFileReference; lastKnownFileType = sourcecode.swift; path = CardView.swift; sourceTree = "<group>"; };
		143B4B662AC59F9C00637BEC /* AppContent.json */ = {isa = PBXFileReference; fileEncoding = 4; lastKnownFileType = text.json; name = AppContent.json; path = _Assets/AppContent.json; sourceTree = SOURCE_ROOT; };
		145CA9832AB9BD8F002CE4B5 /* HistoryCalenderView.swift */ = {isa = PBXFileReference; lastKnownFileType = sourcecode.swift; path = HistoryCalenderView.swift; sourceTree = "<group>"; };
		146A2F0B2ADB8B5E00C66059 /* ErrorTextFieldStyle.swift */ = {isa = PBXFileReference; lastKnownFileType = sourcecode.swift; path = ErrorTextFieldStyle.swift; sourceTree = "<group>"; };
		146DA9C02AA8D2B3000B9C38 /* LearnView.swift */ = {isa = PBXFileReference; lastKnownFileType = sourcecode.swift; path = LearnView.swift; sourceTree = "<group>"; };
		146DA9C22AA8D3BF000B9C38 /* ContentAddView.swift */ = {isa = PBXFileReference; lastKnownFileType = sourcecode.swift; path = ContentAddView.swift; sourceTree = "<group>"; };
		146DA9C42AA8D438000B9C38 /* ContentListView.swift */ = {isa = PBXFileReference; lastKnownFileType = sourcecode.swift; path = ContentListView.swift; sourceTree = "<group>"; };
		146EA2E72ABDAB2500D2E426 /* InfiniteTabPageView.swift */ = {isa = PBXFileReference; lastKnownFileType = sourcecode.swift; path = InfiniteTabPageView.swift; sourceTree = "<group>"; };
		1485F7CA2AA2D23200E8A8E8 /* Swipen.app */ = {isa = PBXFileReference; explicitFileType = wrapper.application; includeInIndex = 0; path = Swipen.app; sourceTree = BUILT_PRODUCTS_DIR; };
		1485F7CD2AA2D23200E8A8E8 /* SwipenApp.swift */ = {isa = PBXFileReference; lastKnownFileType = sourcecode.swift; path = SwipenApp.swift; sourceTree = "<group>"; };
		1485F7CF2AA2D23200E8A8E8 /* ContentTabView.swift */ = {isa = PBXFileReference; lastKnownFileType = sourcecode.swift; path = ContentTabView.swift; sourceTree = "<group>"; };
		1485F7D32AA2D23300E8A8E8 /* Assets.xcassets */ = {isa = PBXFileReference; lastKnownFileType = folder.assetcatalog; path = Assets.xcassets; sourceTree = "<group>"; };
		1485F7D52AA2D23300E8A8E8 /* Swipen.entitlements */ = {isa = PBXFileReference; lastKnownFileType = text.plist.entitlements; path = Swipen.entitlements; sourceTree = "<group>"; };
		1485F7D72AA2D23300E8A8E8 /* Preview Assets.xcassets */ = {isa = PBXFileReference; lastKnownFileType = folder.assetcatalog; path = "Preview Assets.xcassets"; sourceTree = "<group>"; };
		1485F7D92AA2D23300E8A8E8 /* Info.plist */ = {isa = PBXFileReference; lastKnownFileType = text.plist.xml; path = Info.plist; sourceTree = "<group>"; };
		1485F7DE2AA2D23400E8A8E8 /* SwipenTests.xctest */ = {isa = PBXFileReference; explicitFileType = wrapper.cfbundle; includeInIndex = 0; path = SwipenTests.xctest; sourceTree = BUILT_PRODUCTS_DIR; };
		1485F7E22AA2D23400E8A8E8 /* SwipenTests.swift */ = {isa = PBXFileReference; lastKnownFileType = sourcecode.swift; path = SwipenTests.swift; sourceTree = "<group>"; };
		1485F7E82AA2D23400E8A8E8 /* SwipenUITests.xctest */ = {isa = PBXFileReference; explicitFileType = wrapper.cfbundle; includeInIndex = 0; path = SwipenUITests.xctest; sourceTree = BUILT_PRODUCTS_DIR; };
		1485F7EC2AA2D23400E8A8E8 /* SwipenUITests.swift */ = {isa = PBXFileReference; lastKnownFileType = sourcecode.swift; path = SwipenUITests.swift; sourceTree = "<group>"; };
		1485F7EE2AA2D23400E8A8E8 /* SwipenUITestsLaunchTests.swift */ = {isa = PBXFileReference; lastKnownFileType = sourcecode.swift; path = SwipenUITestsLaunchTests.swift; sourceTree = "<group>"; };
		1498F4852AD1A5CE00C2705E /* DataModel.swift */ = {isa = PBXFileReference; lastKnownFileType = sourcecode.swift; path = DataModel.swift; sourceTree = "<group>"; };
		14B6133B2AD2363300BE06BA /* TagCardView.swift */ = {isa = PBXFileReference; lastKnownFileType = sourcecode.swift; path = TagCardView.swift; sourceTree = "<group>"; };
		14B6133D2AD2500200BE06BA /* PlaceholderView.swift */ = {isa = PBXFileReference; lastKnownFileType = sourcecode.swift; path = PlaceholderView.swift; sourceTree = "<group>"; };
		14B613412AD2789000BE06BA /* TagListView.swift */ = {isa = PBXFileReference; lastKnownFileType = sourcecode.swift; path = TagListView.swift; sourceTree = "<group>"; };
		14B613432AD2789F00BE06BA /* DetailContentListView.swift */ = {isa = PBXFileReference; lastKnownFileType = sourcecode.swift; path = DetailContentListView.swift; sourceTree = "<group>"; };
		14E03A5D2AB1D0AF0069460E /* GaugeProgressStyle.swift */ = {isa = PBXFileReference; lastKnownFileType = sourcecode.swift; path = GaugeProgressStyle.swift; sourceTree = "<group>"; };
		14E03A5F2AB1D58F0069460E /* UIScrollView.swift */ = {isa = PBXFileReference; lastKnownFileType = sourcecode.swift; path = UIScrollView.swift; sourceTree = "<group>"; };
		14E03A612AB1E6E50069460E /* ScreenSizeStore.swift */ = {isa = PBXFileReference; lastKnownFileType = sourcecode.swift; path = ScreenSizeStore.swift; sourceTree = "<group>"; };
		14E03A632AB1ECE70069460E /* ContentView.swift */ = {isa = PBXFileReference; lastKnownFileType = sourcecode.swift; path = ContentView.swift; sourceTree = "<group>"; };
/* End PBXFileReference section */

/* Begin PBXFrameworksBuildPhase section */
		1485F7C72AA2D23200E8A8E8 /* Frameworks */ = {
			isa = PBXFrameworksBuildPhase;
			buildActionMask = 2147483647;
			files = (
			);
			runOnlyForDeploymentPostprocessing = 0;
		};
		1485F7DB2AA2D23400E8A8E8 /* Frameworks */ = {
			isa = PBXFrameworksBuildPhase;
			buildActionMask = 2147483647;
			files = (
			);
			runOnlyForDeploymentPostprocessing = 0;
		};
		1485F7E52AA2D23400E8A8E8 /* Frameworks */ = {
			isa = PBXFrameworksBuildPhase;
			buildActionMask = 2147483647;
			files = (
			);
			runOnlyForDeploymentPostprocessing = 0;
		};
/* End PBXFrameworksBuildPhase section */

/* Begin PBXGroup section */
		1485F7C12AA2D23200E8A8E8 = {
			isa = PBXGroup;
			children = (
				1485F7CC2AA2D23200E8A8E8 /* Swipen */,
				1485F7E12AA2D23400E8A8E8 /* SwipenTests */,
				1485F7EB2AA2D23400E8A8E8 /* SwipenUITests */,
				1485F7CB2AA2D23200E8A8E8 /* Products */,
			);
			sourceTree = "<group>";
		};
		1485F7CB2AA2D23200E8A8E8 /* Products */ = {
			isa = PBXGroup;
			children = (
				1485F7CA2AA2D23200E8A8E8 /* Swipen.app */,
				1485F7DE2AA2D23400E8A8E8 /* SwipenTests.xctest */,
				1485F7E82AA2D23400E8A8E8 /* SwipenUITests.xctest */,
			);
			name = Products;
			sourceTree = "<group>";
		};
		1485F7CC2AA2D23200E8A8E8 /* Swipen */ = {
			isa = PBXGroup;
			children = (
				1485F7CD2AA2D23200E8A8E8 /* SwipenApp.swift */,
				14E03A632AB1ECE70069460E /* ContentView.swift */,
				1485F7CF2AA2D23200E8A8E8 /* ContentTabView.swift */,
				146DA9C42AA8D438000B9C38 /* ContentListView.swift */,
				140BE0392AD8021800EABE29 /* TagAddView.swift */,
				146DA9C22AA8D3BF000B9C38 /* ContentAddView.swift */,
				14B613412AD2789000BE06BA /* TagListView.swift */,
				14B613432AD2789F00BE06BA /* DetailContentListView.swift */,
				140DDE032AAD5FA900F4858B /* DashboardView.swift */,
				146DA9C02AA8D2B3000B9C38 /* LearnView.swift */,
				145CA9832AB9BD8F002CE4B5 /* HistoryCalenderView.swift */,
				146EA2E72ABDAB2500D2E426 /* InfiniteTabPageView.swift */,
				14E03A5D2AB1D0AF0069460E /* GaugeProgressStyle.swift */,
				140DDE052AAD68F900F4858B /* CardView.swift */,
				14B6133B2AD2363300BE06BA /* TagCardView.swift */,
				14B6133D2AD2500200BE06BA /* PlaceholderView.swift */,
				1498F4852AD1A5CE00C2705E /* DataModel.swift */,
				14E03A612AB1E6E50069460E /* ScreenSizeStore.swift */,
				14E03A5F2AB1D58F0069460E /* UIScrollView.swift */,
				146A2F0B2ADB8B5E00C66059 /* ErrorTextFieldStyle.swift */,
				1485F7D32AA2D23300E8A8E8 /* Assets.xcassets */,
				1485F7D52AA2D23300E8A8E8 /* Swipen.entitlements */,
				1485F7D92AA2D23300E8A8E8 /* Info.plist */,
				143B4B662AC59F9C00637BEC /* AppContent.json */,
				1485F7D62AA2D23300E8A8E8 /* Preview Content */,
				140DDE022AAD5E1900F4858B /* README.md */,
			);
			path = Swipen;
			sourceTree = "<group>";
		};
		1485F7D62AA2D23300E8A8E8 /* Preview Content */ = {
			isa = PBXGroup;
			children = (
				1485F7D72AA2D23300E8A8E8 /* Preview Assets.xcassets */,
			);
			path = "Preview Content";
			sourceTree = "<group>";
		};
		1485F7E12AA2D23400E8A8E8 /* SwipenTests */ = {
			isa = PBXGroup;
			children = (
				1485F7E22AA2D23400E8A8E8 /* SwipenTests.swift */,
			);
			path = SwipenTests;
			sourceTree = "<group>";
		};
		1485F7EB2AA2D23400E8A8E8 /* SwipenUITests */ = {
			isa = PBXGroup;
			children = (
				1485F7EC2AA2D23400E8A8E8 /* SwipenUITests.swift */,
				1485F7EE2AA2D23400E8A8E8 /* SwipenUITestsLaunchTests.swift */,
			);
			path = SwipenUITests;
			sourceTree = "<group>";
		};
/* End PBXGroup section */

/* Begin PBXNativeTarget section */
		1485F7C92AA2D23200E8A8E8 /* Swipen */ = {
			isa = PBXNativeTarget;
			buildConfigurationList = 1485F7F22AA2D23400E8A8E8 /* Build configuration list for PBXNativeTarget "Swipen" */;
			buildPhases = (
				1485F7C62AA2D23200E8A8E8 /* Sources */,
				1485F7C72AA2D23200E8A8E8 /* Frameworks */,
				1485F7C82AA2D23200E8A8E8 /* Resources */,
			);
			buildRules = (
			);
			dependencies = (
			);
			name = Swipen;
			productName = Swipen;
			productReference = 1485F7CA2AA2D23200E8A8E8 /* Swipen.app */;
			productType = "com.apple.product-type.application";
		};
		1485F7DD2AA2D23400E8A8E8 /* SwipenTests */ = {
			isa = PBXNativeTarget;
			buildConfigurationList = 1485F7F52AA2D23400E8A8E8 /* Build configuration list for PBXNativeTarget "SwipenTests" */;
			buildPhases = (
				1485F7DA2AA2D23400E8A8E8 /* Sources */,
				1485F7DB2AA2D23400E8A8E8 /* Frameworks */,
				1485F7DC2AA2D23400E8A8E8 /* Resources */,
			);
			buildRules = (
			);
			dependencies = (
				1485F7E02AA2D23400E8A8E8 /* PBXTargetDependency */,
			);
			name = SwipenTests;
			productName = SwipenTests;
			productReference = 1485F7DE2AA2D23400E8A8E8 /* SwipenTests.xctest */;
			productType = "com.apple.product-type.bundle.unit-test";
		};
		1485F7E72AA2D23400E8A8E8 /* SwipenUITests */ = {
			isa = PBXNativeTarget;
			buildConfigurationList = 1485F7F82AA2D23400E8A8E8 /* Build configuration list for PBXNativeTarget "SwipenUITests" */;
			buildPhases = (
				1485F7E42AA2D23400E8A8E8 /* Sources */,
				1485F7E52AA2D23400E8A8E8 /* Frameworks */,
				1485F7E62AA2D23400E8A8E8 /* Resources */,
			);
			buildRules = (
			);
			dependencies = (
				1485F7EA2AA2D23400E8A8E8 /* PBXTargetDependency */,
			);
			name = SwipenUITests;
			productName = SwipenUITests;
			productReference = 1485F7E82AA2D23400E8A8E8 /* SwipenUITests.xctest */;
			productType = "com.apple.product-type.bundle.ui-testing";
		};
/* End PBXNativeTarget section */

/* Begin PBXProject section */
		1485F7C22AA2D23200E8A8E8 /* Project object */ = {
			isa = PBXProject;
			attributes = {
				BuildIndependentTargetsInParallel = 1;
				LastSwiftUpdateCheck = 1500;
				LastUpgradeCheck = 1510;
				TargetAttributes = {
					1485F7C92AA2D23200E8A8E8 = {
						CreatedOnToolsVersion = 15.0;
					};
					1485F7DD2AA2D23400E8A8E8 = {
						CreatedOnToolsVersion = 15.0;
						TestTargetID = 1485F7C92AA2D23200E8A8E8;
					};
					1485F7E72AA2D23400E8A8E8 = {
						CreatedOnToolsVersion = 15.0;
						TestTargetID = 1485F7C92AA2D23200E8A8E8;
					};
				};
			};
			buildConfigurationList = 1485F7C52AA2D23200E8A8E8 /* Build configuration list for PBXProject "Swipen" */;
			compatibilityVersion = "Xcode 14.0";
			developmentRegion = en;
			hasScannedForEncodings = 0;
			knownRegions = (
				en,
				Base,
			);
			mainGroup = 1485F7C12AA2D23200E8A8E8;
			productRefGroup = 1485F7CB2AA2D23200E8A8E8 /* Products */;
			projectDirPath = "";
			projectRoot = "";
			targets = (
				1485F7C92AA2D23200E8A8E8 /* Swipen */,
				1485F7DD2AA2D23400E8A8E8 /* SwipenTests */,
				1485F7E72AA2D23400E8A8E8 /* SwipenUITests */,
			);
		};
/* End PBXProject section */

/* Begin PBXResourcesBuildPhase section */
		1485F7C82AA2D23200E8A8E8 /* Resources */ = {
			isa = PBXResourcesBuildPhase;
			buildActionMask = 2147483647;
			files = (
				1485F7D82AA2D23300E8A8E8 /* Preview Assets.xcassets in Resources */,
				143B4B672AC59F9C00637BEC /* AppContent.json in Resources */,
				1485F7D42AA2D23300E8A8E8 /* Assets.xcassets in Resources */,
			);
			runOnlyForDeploymentPostprocessing = 0;
		};
		1485F7DC2AA2D23400E8A8E8 /* Resources */ = {
			isa = PBXResourcesBuildPhase;
			buildActionMask = 2147483647;
			files = (
			);
			runOnlyForDeploymentPostprocessing = 0;
		};
		1485F7E62AA2D23400E8A8E8 /* Resources */ = {
			isa = PBXResourcesBuildPhase;
			buildActionMask = 2147483647;
			files = (
			);
			runOnlyForDeploymentPostprocessing = 0;
		};
/* End PBXResourcesBuildPhase section */

/* Begin PBXSourcesBuildPhase section */
		1485F7C62AA2D23200E8A8E8 /* Sources */ = {
			isa = PBXSourcesBuildPhase;
			buildActionMask = 2147483647;
			files = (
				1498F4862AD1A5CE00C2705E /* DataModel.swift in Sources */,
				14E03A5E2AB1D0AF0069460E /* GaugeProgressStyle.swift in Sources */,
				146DA9C32AA8D3BF000B9C38 /* ContentAddView.swift in Sources */,
				14E03A642AB1ECE70069460E /* ContentView.swift in Sources */,
				146DA9C12AA8D2B3000B9C38 /* LearnView.swift in Sources */,
				14E03A622AB1E6E50069460E /* ScreenSizeStore.swift in Sources */,
				146DA9C52AA8D438000B9C38 /* ContentListView.swift in Sources */,
				140DDE042AAD5FA900F4858B /* DashboardView.swift in Sources */,
				146A2F0C2ADB8B5E00C66059 /* ErrorTextFieldStyle.swift in Sources */,
				145CA9842AB9BD8F002CE4B5 /* HistoryCalenderView.swift in Sources */,
				140BE03A2AD8021800EABE29 /* TagAddView.swift in Sources */,
				14E03A602AB1D58F0069460E /* UIScrollView.swift in Sources */,
				14B6133C2AD2363300BE06BA /* TagCardView.swift in Sources */,
				14B613422AD2789000BE06BA /* TagListView.swift in Sources */,
				146EA2E82ABDAB2500D2E426 /* InfiniteTabPageView.swift in Sources */,
				1485F7D02AA2D23200E8A8E8 /* ContentTabView.swift in Sources */,
				140DDE062AAD68F900F4858B /* CardView.swift in Sources */,
				14B613442AD2789F00BE06BA /* DetailContentListView.swift in Sources */,
				14B6133E2AD2500200BE06BA /* PlaceholderView.swift in Sources */,
				1485F7CE2AA2D23200E8A8E8 /* SwipenApp.swift in Sources */,
			);
			runOnlyForDeploymentPostprocessing = 0;
		};
		1485F7DA2AA2D23400E8A8E8 /* Sources */ = {
			isa = PBXSourcesBuildPhase;
			buildActionMask = 2147483647;
			files = (
				1485F7E32AA2D23400E8A8E8 /* SwipenTests.swift in Sources */,
			);
			runOnlyForDeploymentPostprocessing = 0;
		};
		1485F7E42AA2D23400E8A8E8 /* Sources */ = {
			isa = PBXSourcesBuildPhase;
			buildActionMask = 2147483647;
			files = (
				1485F7EF2AA2D23400E8A8E8 /* SwipenUITestsLaunchTests.swift in Sources */,
				1485F7ED2AA2D23400E8A8E8 /* SwipenUITests.swift in Sources */,
			);
			runOnlyForDeploymentPostprocessing = 0;
		};
/* End PBXSourcesBuildPhase section */

/* Begin PBXTargetDependency section */
		1485F7E02AA2D23400E8A8E8 /* PBXTargetDependency */ = {
			isa = PBXTargetDependency;
			target = 1485F7C92AA2D23200E8A8E8 /* Swipen */;
			targetProxy = 1485F7DF2AA2D23400E8A8E8 /* PBXContainerItemProxy */;
		};
		1485F7EA2AA2D23400E8A8E8 /* PBXTargetDependency */ = {
			isa = PBXTargetDependency;
			target = 1485F7C92AA2D23200E8A8E8 /* Swipen */;
			targetProxy = 1485F7E92AA2D23400E8A8E8 /* PBXContainerItemProxy */;
		};
/* End PBXTargetDependency section */

/* Begin XCBuildConfiguration section */
		1485F7F02AA2D23400E8A8E8 /* Debug */ = {
			isa = XCBuildConfiguration;
			buildSettings = {
				ALWAYS_SEARCH_USER_PATHS = NO;
				ASSETCATALOG_COMPILER_GENERATE_SWIFT_ASSET_SYMBOL_EXTENSIONS = YES;
				CLANG_ANALYZER_NONNULL = YES;
				CLANG_ANALYZER_NUMBER_OBJECT_CONVERSION = YES_AGGRESSIVE;
				CLANG_CXX_LANGUAGE_STANDARD = "gnu++20";
				CLANG_ENABLE_MODULES = YES;
				CLANG_ENABLE_OBJC_ARC = YES;
				CLANG_ENABLE_OBJC_WEAK = YES;
				CLANG_WARN_BLOCK_CAPTURE_AUTORELEASING = YES;
				CLANG_WARN_BOOL_CONVERSION = YES;
				CLANG_WARN_COMMA = YES;
				CLANG_WARN_CONSTANT_CONVERSION = YES;
				CLANG_WARN_DEPRECATED_OBJC_IMPLEMENTATIONS = YES;
				CLANG_WARN_DIRECT_OBJC_ISA_USAGE = YES_ERROR;
				CLANG_WARN_DOCUMENTATION_COMMENTS = YES;
				CLANG_WARN_EMPTY_BODY = YES;
				CLANG_WARN_ENUM_CONVERSION = YES;
				CLANG_WARN_INFINITE_RECURSION = YES;
				CLANG_WARN_INT_CONVERSION = YES;
				CLANG_WARN_NON_LITERAL_NULL_CONVERSION = YES;
				CLANG_WARN_OBJC_IMPLICIT_RETAIN_SELF = YES;
				CLANG_WARN_OBJC_LITERAL_CONVERSION = YES;
				CLANG_WARN_OBJC_ROOT_CLASS = YES_ERROR;
				CLANG_WARN_QUOTED_INCLUDE_IN_FRAMEWORK_HEADER = YES;
				CLANG_WARN_RANGE_LOOP_ANALYSIS = YES;
				CLANG_WARN_STRICT_PROTOTYPES = YES;
				CLANG_WARN_SUSPICIOUS_MOVE = YES;
				CLANG_WARN_UNGUARDED_AVAILABILITY = YES_AGGRESSIVE;
				CLANG_WARN_UNREACHABLE_CODE = YES;
				CLANG_WARN__DUPLICATE_METHOD_MATCH = YES;
				COPY_PHASE_STRIP = NO;
				DEAD_CODE_STRIPPING = YES;
				DEBUG_INFORMATION_FORMAT = dwarf;
				ENABLE_STRICT_OBJC_MSGSEND = YES;
				ENABLE_TESTABILITY = YES;
				ENABLE_USER_SCRIPT_SANDBOXING = YES;
				GCC_C_LANGUAGE_STANDARD = gnu17;
				GCC_DYNAMIC_NO_PIC = NO;
				GCC_NO_COMMON_BLOCKS = YES;
				GCC_OPTIMIZATION_LEVEL = 0;
				GCC_PREPROCESSOR_DEFINITIONS = (
					"DEBUG=1",
					"$(inherited)",
				);
				GCC_WARN_64_TO_32_BIT_CONVERSION = YES;
				GCC_WARN_ABOUT_RETURN_TYPE = YES_ERROR;
				GCC_WARN_UNDECLARED_SELECTOR = YES;
				GCC_WARN_UNINITIALIZED_AUTOS = YES_AGGRESSIVE;
				GCC_WARN_UNUSED_FUNCTION = YES;
				GCC_WARN_UNUSED_VARIABLE = YES;
				LOCALIZATION_PREFERS_STRING_CATALOGS = YES;
				MTL_ENABLE_DEBUG_INFO = INCLUDE_SOURCE;
				MTL_FAST_MATH = YES;
				ONLY_ACTIVE_ARCH = YES;
				SWIFT_ACTIVE_COMPILATION_CONDITIONS = "DEBUG $(inherited)";
				SWIFT_OPTIMIZATION_LEVEL = "-Onone";
			};
			name = Debug;
		};
		1485F7F12AA2D23400E8A8E8 /* Release */ = {
			isa = XCBuildConfiguration;
			buildSettings = {
				ALWAYS_SEARCH_USER_PATHS = NO;
				ASSETCATALOG_COMPILER_GENERATE_SWIFT_ASSET_SYMBOL_EXTENSIONS = YES;
				CLANG_ANALYZER_NONNULL = YES;
				CLANG_ANALYZER_NUMBER_OBJECT_CONVERSION = YES_AGGRESSIVE;
				CLANG_CXX_LANGUAGE_STANDARD = "gnu++20";
				CLANG_ENABLE_MODULES = YES;
				CLANG_ENABLE_OBJC_ARC = YES;
				CLANG_ENABLE_OBJC_WEAK = YES;
				CLANG_WARN_BLOCK_CAPTURE_AUTORELEASING = YES;
				CLANG_WARN_BOOL_CONVERSION = YES;
				CLANG_WARN_COMMA = YES;
				CLANG_WARN_CONSTANT_CONVERSION = YES;
				CLANG_WARN_DEPRECATED_OBJC_IMPLEMENTATIONS = YES;
				CLANG_WARN_DIRECT_OBJC_ISA_USAGE = YES_ERROR;
				CLANG_WARN_DOCUMENTATION_COMMENTS = YES;
				CLANG_WARN_EMPTY_BODY = YES;
				CLANG_WARN_ENUM_CONVERSION = YES;
				CLANG_WARN_INFINITE_RECURSION = YES;
				CLANG_WARN_INT_CONVERSION = YES;
				CLANG_WARN_NON_LITERAL_NULL_CONVERSION = YES;
				CLANG_WARN_OBJC_IMPLICIT_RETAIN_SELF = YES;
				CLANG_WARN_OBJC_LITERAL_CONVERSION = YES;
				CLANG_WARN_OBJC_ROOT_CLASS = YES_ERROR;
				CLANG_WARN_QUOTED_INCLUDE_IN_FRAMEWORK_HEADER = YES;
				CLANG_WARN_RANGE_LOOP_ANALYSIS = YES;
				CLANG_WARN_STRICT_PROTOTYPES = YES;
				CLANG_WARN_SUSPICIOUS_MOVE = YES;
				CLANG_WARN_UNGUARDED_AVAILABILITY = YES_AGGRESSIVE;
				CLANG_WARN_UNREACHABLE_CODE = YES;
				CLANG_WARN__DUPLICATE_METHOD_MATCH = YES;
				COPY_PHASE_STRIP = NO;
				DEAD_CODE_STRIPPING = YES;
				DEBUG_INFORMATION_FORMAT = "dwarf-with-dsym";
				ENABLE_NS_ASSERTIONS = NO;
				ENABLE_STRICT_OBJC_MSGSEND = YES;
				ENABLE_USER_SCRIPT_SANDBOXING = YES;
				GCC_C_LANGUAGE_STANDARD = gnu17;
				GCC_NO_COMMON_BLOCKS = YES;
				GCC_WARN_64_TO_32_BIT_CONVERSION = YES;
				GCC_WARN_ABOUT_RETURN_TYPE = YES_ERROR;
				GCC_WARN_UNDECLARED_SELECTOR = YES;
				GCC_WARN_UNINITIALIZED_AUTOS = YES_AGGRESSIVE;
				GCC_WARN_UNUSED_FUNCTION = YES;
				GCC_WARN_UNUSED_VARIABLE = YES;
				LOCALIZATION_PREFERS_STRING_CATALOGS = YES;
				MTL_ENABLE_DEBUG_INFO = NO;
				MTL_FAST_MATH = YES;
				SWIFT_COMPILATION_MODE = wholemodule;
			};
			name = Release;
		};
		1485F7F32AA2D23400E8A8E8 /* Debug */ = {
			isa = XCBuildConfiguration;
			buildSettings = {
				ASSETCATALOG_COMPILER_APPICON_NAME = AppIcon;
				ASSETCATALOG_COMPILER_GLOBAL_ACCENT_COLOR_NAME = AccentColor;
				ASSETCATALOG_COMPILER_INCLUDE_ALL_APPICON_ASSETS = YES;
				CODE_SIGN_ENTITLEMENTS = Swipen/Swipen.entitlements;
				CODE_SIGN_STYLE = Automatic;
				CURRENT_PROJECT_VERSION = 1;
				DEAD_CODE_STRIPPING = YES;
				DEVELOPMENT_ASSET_PATHS = "\"Swipen/Preview Content\"";
				DEVELOPMENT_TEAM = 9B9T932RXM;
				ENABLE_HARDENED_RUNTIME = YES;
				ENABLE_PREVIEWS = YES;
				GENERATE_INFOPLIST_FILE = YES;
				INFOPLIST_FILE = Swipen/Info.plist;
				"INFOPLIST_KEY_UIApplicationSceneManifest_Generation[sdk=iphoneos*]" = YES;
				"INFOPLIST_KEY_UIApplicationSceneManifest_Generation[sdk=iphonesimulator*]" = YES;
				"INFOPLIST_KEY_UIApplicationSupportsIndirectInputEvents[sdk=iphoneos*]" = YES;
				"INFOPLIST_KEY_UIApplicationSupportsIndirectInputEvents[sdk=iphonesimulator*]" = YES;
				"INFOPLIST_KEY_UILaunchScreen_Generation[sdk=iphoneos*]" = YES;
				"INFOPLIST_KEY_UILaunchScreen_Generation[sdk=iphonesimulator*]" = YES;
				"INFOPLIST_KEY_UIStatusBarStyle[sdk=iphoneos*]" = UIStatusBarStyleDefault;
				"INFOPLIST_KEY_UIStatusBarStyle[sdk=iphonesimulator*]" = UIStatusBarStyleDefault;
				INFOPLIST_KEY_UISupportedInterfaceOrientations_iPad = "UIInterfaceOrientationPortrait UIInterfaceOrientationPortraitUpsideDown UIInterfaceOrientationLandscapeLeft UIInterfaceOrientationLandscapeRight";
				INFOPLIST_KEY_UISupportedInterfaceOrientations_iPhone = "UIInterfaceOrientationPortrait UIInterfaceOrientationLandscapeLeft UIInterfaceOrientationLandscapeRight";
				IPHONEOS_DEPLOYMENT_TARGET = 17.0;
				LD_RUNPATH_SEARCH_PATHS = "@executable_path/Frameworks";
				"LD_RUNPATH_SEARCH_PATHS[sdk=macosx*]" = "@executable_path/../Frameworks";
				MACOSX_DEPLOYMENT_TARGET = 14.0;
				MARKETING_VERSION = 1.0;
				PRODUCT_BUNDLE_IDENTIFIER = b150005.Swipen;
				PRODUCT_NAME = "$(TARGET_NAME)";
				SDKROOT = auto;
				SUPPORTED_PLATFORMS = "iphoneos iphonesimulator macosx";
				SWIFT_EMIT_LOC_STRINGS = YES;
				SWIFT_VERSION = 5.0;
				TARGETED_DEVICE_FAMILY = "1,2";
			};
			name = Debug;
		};
		1485F7F42AA2D23400E8A8E8 /* Release */ = {
			isa = XCBuildConfiguration;
			buildSettings = {
				ASSETCATALOG_COMPILER_APPICON_NAME = AppIcon;
				ASSETCATALOG_COMPILER_GLOBAL_ACCENT_COLOR_NAME = AccentColor;
				ASSETCATALOG_COMPILER_INCLUDE_ALL_APPICON_ASSETS = YES;
				CODE_SIGN_ENTITLEMENTS = Swipen/Swipen.entitlements;
				CODE_SIGN_STYLE = Automatic;
				CURRENT_PROJECT_VERSION = 1;
				DEAD_CODE_STRIPPING = YES;
				DEVELOPMENT_ASSET_PATHS = "\"Swipen/Preview Content\"";
				DEVELOPMENT_TEAM = 9B9T932RXM;
				ENABLE_HARDENED_RUNTIME = YES;
				ENABLE_PREVIEWS = YES;
				GENERATE_INFOPLIST_FILE = YES;
				INFOPLIST_FILE = Swipen/Info.plist;
				"INFOPLIST_KEY_UIApplicationSceneManifest_Generation[sdk=iphoneos*]" = YES;
				"INFOPLIST_KEY_UIApplicationSceneManifest_Generation[sdk=iphonesimulator*]" = YES;
				"INFOPLIST_KEY_UIApplicationSupportsIndirectInputEvents[sdk=iphoneos*]" = YES;
				"INFOPLIST_KEY_UIApplicationSupportsIndirectInputEvents[sdk=iphonesimulator*]" = YES;
				"INFOPLIST_KEY_UILaunchScreen_Generation[sdk=iphoneos*]" = YES;
				"INFOPLIST_KEY_UILaunchScreen_Generation[sdk=iphonesimulator*]" = YES;
				"INFOPLIST_KEY_UIStatusBarStyle[sdk=iphoneos*]" = UIStatusBarStyleDefault;
				"INFOPLIST_KEY_UIStatusBarStyle[sdk=iphonesimulator*]" = UIStatusBarStyleDefault;
				INFOPLIST_KEY_UISupportedInterfaceOrientations_iPad = "UIInterfaceOrientationPortrait UIInterfaceOrientationPortraitUpsideDown UIInterfaceOrientationLandscapeLeft UIInterfaceOrientationLandscapeRight";
				INFOPLIST_KEY_UISupportedInterfaceOrientations_iPhone = "UIInterfaceOrientationPortrait UIInterfaceOrientationLandscapeLeft UIInterfaceOrientationLandscapeRight";
				IPHONEOS_DEPLOYMENT_TARGET = 17.0;
				LD_RUNPATH_SEARCH_PATHS = "@executable_path/Frameworks";
				"LD_RUNPATH_SEARCH_PATHS[sdk=macosx*]" = "@executable_path/../Frameworks";
				MACOSX_DEPLOYMENT_TARGET = 14.0;
				MARKETING_VERSION = 1.0;
				PRODUCT_BUNDLE_IDENTIFIER = b150005.Swipen;
				PRODUCT_NAME = "$(TARGET_NAME)";
				SDKROOT = auto;
				SUPPORTED_PLATFORMS = "iphoneos iphonesimulator macosx";
				SWIFT_EMIT_LOC_STRINGS = YES;
				SWIFT_VERSION = 5.0;
				TARGETED_DEVICE_FAMILY = "1,2";
			};
			name = Release;
		};
		1485F7F62AA2D23400E8A8E8 /* Debug */ = {
			isa = XCBuildConfiguration;
			buildSettings = {
				ALWAYS_EMBED_SWIFT_STANDARD_LIBRARIES = YES;
				BUNDLE_LOADER = "$(TEST_HOST)";
				CODE_SIGN_STYLE = Automatic;
				CURRENT_PROJECT_VERSION = 1;
				DEAD_CODE_STRIPPING = YES;
				DEVELOPMENT_TEAM = 9B9T932RXM;
				GENERATE_INFOPLIST_FILE = YES;
				IPHONEOS_DEPLOYMENT_TARGET = 17.0;
				MACOSX_DEPLOYMENT_TARGET = 14.0;
				MARKETING_VERSION = 1.0;
				PRODUCT_BUNDLE_IDENTIFIER = b150005.SwipenTests;
				PRODUCT_NAME = "$(TARGET_NAME)";
				SDKROOT = auto;
				SUPPORTED_PLATFORMS = "iphoneos iphonesimulator macosx";
				SWIFT_EMIT_LOC_STRINGS = NO;
				SWIFT_VERSION = 5.0;
				TARGETED_DEVICE_FAMILY = "1,2";
				TEST_HOST = "$(BUILT_PRODUCTS_DIR)/Swipen.app/$(BUNDLE_EXECUTABLE_FOLDER_PATH)/Swipen";
			};
			name = Debug;
		};
		1485F7F72AA2D23400E8A8E8 /* Release */ = {
			isa = XCBuildConfiguration;
			buildSettings = {
				ALWAYS_EMBED_SWIFT_STANDARD_LIBRARIES = YES;
				BUNDLE_LOADER = "$(TEST_HOST)";
				CODE_SIGN_STYLE = Automatic;
				CURRENT_PROJECT_VERSION = 1;
				DEAD_CODE_STRIPPING = YES;
				DEVELOPMENT_TEAM = 9B9T932RXM;
				GENERATE_INFOPLIST_FILE = YES;
				IPHONEOS_DEPLOYMENT_TARGET = 17.0;
				MACOSX_DEPLOYMENT_TARGET = 14.0;
				MARKETING_VERSION = 1.0;
				PRODUCT_BUNDLE_IDENTIFIER = b150005.SwipenTests;
				PRODUCT_NAME = "$(TARGET_NAME)";
				SDKROOT = auto;
				SUPPORTED_PLATFORMS = "iphoneos iphonesimulator macosx";
				SWIFT_EMIT_LOC_STRINGS = NO;
				SWIFT_VERSION = 5.0;
				TARGETED_DEVICE_FAMILY = "1,2";
				TEST_HOST = "$(BUILT_PRODUCTS_DIR)/Swipen.app/$(BUNDLE_EXECUTABLE_FOLDER_PATH)/Swipen";
			};
			name = Release;
		};
		1485F7F92AA2D23400E8A8E8 /* Debug */ = {
			isa = XCBuildConfiguration;
			buildSettings = {
				ALWAYS_EMBED_SWIFT_STANDARD_LIBRARIES = YES;
				CODE_SIGN_STYLE = Automatic;
				CURRENT_PROJECT_VERSION = 1;
				DEAD_CODE_STRIPPING = YES;
				DEVELOPMENT_TEAM = 9B9T932RXM;
				GENERATE_INFOPLIST_FILE = YES;
				IPHONEOS_DEPLOYMENT_TARGET = 17.0;
				MACOSX_DEPLOYMENT_TARGET = 14.0;
				MARKETING_VERSION = 1.0;
				PRODUCT_BUNDLE_IDENTIFIER = b150005.SwipenUITests;
				PRODUCT_NAME = "$(TARGET_NAME)";
				SDKROOT = auto;
				SUPPORTED_PLATFORMS = "iphoneos iphonesimulator macosx";
				SWIFT_EMIT_LOC_STRINGS = NO;
				SWIFT_VERSION = 5.0;
				TARGETED_DEVICE_FAMILY = "1,2";
				TEST_TARGET_NAME = Swipen;
			};
			name = Debug;
		};
		1485F7FA2AA2D23400E8A8E8 /* Release */ = {
			isa = XCBuildConfiguration;
			buildSettings = {
				ALWAYS_EMBED_SWIFT_STANDARD_LIBRARIES = YES;
				CODE_SIGN_STYLE = Automatic;
				CURRENT_PROJECT_VERSION = 1;
				DEAD_CODE_STRIPPING = YES;
				DEVELOPMENT_TEAM = 9B9T932RXM;
				GENERATE_INFOPLIST_FILE = YES;
				IPHONEOS_DEPLOYMENT_TARGET = 17.0;
				MACOSX_DEPLOYMENT_TARGET = 14.0;
				MARKETING_VERSION = 1.0;
				PRODUCT_BUNDLE_IDENTIFIER = b150005.SwipenUITests;
				PRODUCT_NAME = "$(TARGET_NAME)";
				SDKROOT = auto;
				SUPPORTED_PLATFORMS = "iphoneos iphonesimulator macosx";
				SWIFT_EMIT_LOC_STRINGS = NO;
				SWIFT_VERSION = 5.0;
				TARGETED_DEVICE_FAMILY = "1,2";
				TEST_TARGET_NAME = Swipen;
			};
			name = Release;
		};
/* End XCBuildConfiguration section */

/* Begin XCConfigurationList section */
		1485F7C52AA2D23200E8A8E8 /* Build configuration list for PBXProject "Swipen" */ = {
			isa = XCConfigurationList;
			buildConfigurations = (
				1485F7F02AA2D23400E8A8E8 /* Debug */,
				1485F7F12AA2D23400E8A8E8 /* Release */,
			);
			defaultConfigurationIsVisible = 0;
			defaultConfigurationName = Release;
		};
		1485F7F22AA2D23400E8A8E8 /* Build configuration list for PBXNativeTarget "Swipen" */ = {
			isa = XCConfigurationList;
			buildConfigurations = (
				1485F7F32AA2D23400E8A8E8 /* Debug */,
				1485F7F42AA2D23400E8A8E8 /* Release */,
			);
			defaultConfigurationIsVisible = 0;
			defaultConfigurationName = Release;
		};
		1485F7F52AA2D23400E8A8E8 /* Build configuration list for PBXNativeTarget "SwipenTests" */ = {
			isa = XCConfigurationList;
			buildConfigurations = (
				1485F7F62AA2D23400E8A8E8 /* Debug */,
				1485F7F72AA2D23400E8A8E8 /* Release */,
			);
			defaultConfigurationIsVisible = 0;
			defaultConfigurationName = Release;
		};
		1485F7F82AA2D23400E8A8E8 /* Build configuration list for PBXNativeTarget "SwipenUITests" */ = {
			isa = XCConfigurationList;
			buildConfigurations = (
				1485F7F92AA2D23400E8A8E8 /* Debug */,
				1485F7FA2AA2D23400E8A8E8 /* Release */,
			);
			defaultConfigurationIsVisible = 0;
			defaultConfigurationName = Release;
		};
/* End XCConfigurationList section */
	};
	rootObject = 1485F7C22AA2D23200E8A8E8 /* Project object */;
}
